
Microsoft Visual Studio Solution File, Format Version 12.00
# Visual Studio 14
VisualStudioVersion = 14.0.24720.0
MinimumVisualStudioVersion = 10.0.40219.1
Project("{FAE04EC0-301F-11D3-BF4B-00C04F79EFBC}") = "SPIDisplay", "SPIDisplay\SPIDisplay\SPIDisplay.csproj", "{D1ED12E3-C818-41F0-87CF-0AD138BC1C47}"
EndProject
Project("{FAE04EC0-301F-11D3-BF4B-00C04F79EFBC}") = "DisplayFont", "SPIDisplay\DisplayFont\DisplayFont.csproj", "{FC89AE75-F054-4434-B00E-A0C9642160B4}"
EndProject
Project("{FAE04EC0-301F-11D3-BF4B-00C04F79EFBC}") = "WeatherStation", "WeatherStation\WeatherStation.csproj", "{B9AFEEE5-701C-4D17-B301-E961C279A19D}"
EndProject
Project("{FAE04EC0-301F-11D3-BF4B-00C04F79EFBC}") = "PwmConsumer", "PwmConsumer\PwmConsumer.csproj", "{BCE0897D-2ACF-40EC-8B89-CEB91F0A87A6}"
EndProject
Project("{FAE04EC0-301F-11D3-BF4B-00C04F79EFBC}") = "AdcConsumer", "AdcConsumer\AdcConsumer.csproj", "{F65085CF-DE77-4A33-8C65-B546B57E2FAB}"
EndProject
Project("{FAE04EC0-301F-11D3-BF4B-00C04F79EFBC}") = "PushButton", "PushButton\PushButton.csproj", "{C29573D0-3A75-4428-8987-91436BD7D4AD}"
EndProject
Project("{FAE04EC0-301F-11D3-BF4B-00C04F79EFBC}") = "Blinky", "Blinky\CS\Blinky.csproj", "{F89AF804-259E-4AEB-9F0D-C6D7ACEA7529}"
EndProject
Project("{FAE04EC0-301F-11D3-BF4B-00C04F79EFBC}") = "BlinkyBackground", "Blinky\Background\BlinkyBackground.csproj", "{9AD53AB8-378A-43AF-ABE7-0EB8E8998B1E}"
EndProject
Project("{8BC9CEB8-8B4A-11D0-8D11-00A0C91BC942}") = "BlinkyCpp", "Blinky\Cpp\BlinkyCpp.vcxproj", "{61E2EC48-3271-4024-9BAD-691CADF541AF}"
EndProject
Global
	GlobalSection(SolutionConfigurationPlatforms) = preSolution
		Debug|ARM = Debug|ARM
		Debug|x64 = Debug|x64
		Debug|x86 = Debug|x86
		Release|ARM = Release|ARM
		Release|x64 = Release|x64
		Release|x86 = Release|x86
	EndGlobalSection
	GlobalSection(ProjectConfigurationPlatforms) = postSolution
		{D1ED12E3-C818-41F0-87CF-0AD138BC1C47}.Debug|ARM.ActiveCfg = Debug|ARM
		{D1ED12E3-C818-41F0-87CF-0AD138BC1C47}.Debug|ARM.Build.0 = Debug|ARM
		{D1ED12E3-C818-41F0-87CF-0AD138BC1C47}.Debug|ARM.Deploy.0 = Debug|ARM
		{D1ED12E3-C818-41F0-87CF-0AD138BC1C47}.Debug|x64.ActiveCfg = Debug|x64
		{D1ED12E3-C818-41F0-87CF-0AD138BC1C47}.Debug|x64.Build.0 = Debug|x64
		{D1ED12E3-C818-41F0-87CF-0AD138BC1C47}.Debug|x64.Deploy.0 = Debug|x64
		{D1ED12E3-C818-41F0-87CF-0AD138BC1C47}.Debug|x86.ActiveCfg = Debug|x86
		{D1ED12E3-C818-41F0-87CF-0AD138BC1C47}.Debug|x86.Build.0 = Debug|x86
		{D1ED12E3-C818-41F0-87CF-0AD138BC1C47}.Debug|x86.Deploy.0 = Debug|x86
		{D1ED12E3-C818-41F0-87CF-0AD138BC1C47}.Release|ARM.ActiveCfg = Release|ARM
		{D1ED12E3-C818-41F0-87CF-0AD138BC1C47}.Release|ARM.Build.0 = Release|ARM
		{D1ED12E3-C818-41F0-87CF-0AD138BC1C47}.Release|ARM.Deploy.0 = Release|ARM
		{D1ED12E3-C818-41F0-87CF-0AD138BC1C47}.Release|x64.ActiveCfg = Release|x64
		{D1ED12E3-C818-41F0-87CF-0AD138BC1C47}.Release|x64.Build.0 = Release|x64
		{D1ED12E3-C818-41F0-87CF-0AD138BC1C47}.Release|x64.Deploy.0 = Release|x64
		{D1ED12E3-C818-41F0-87CF-0AD138BC1C47}.Release|x86.ActiveCfg = Release|x86
		{D1ED12E3-C818-41F0-87CF-0AD138BC1C47}.Release|x86.Build.0 = Release|x86
		{D1ED12E3-C818-41F0-87CF-0AD138BC1C47}.Release|x86.Deploy.0 = Release|x86
		{FC89AE75-F054-4434-B00E-A0C9642160B4}.Debug|ARM.ActiveCfg = Debug|ARM
		{FC89AE75-F054-4434-B00E-A0C9642160B4}.Debug|ARM.Build.0 = Debug|ARM
		{FC89AE75-F054-4434-B00E-A0C9642160B4}.Debug|x64.ActiveCfg = Debug|x64
		{FC89AE75-F054-4434-B00E-A0C9642160B4}.Debug|x64.Build.0 = Debug|x64
		{FC89AE75-F054-4434-B00E-A0C9642160B4}.Debug|x86.ActiveCfg = Debug|x86
		{FC89AE75-F054-4434-B00E-A0C9642160B4}.Debug|x86.Build.0 = Debug|x86
		{FC89AE75-F054-4434-B00E-A0C9642160B4}.Release|ARM.ActiveCfg = Release|ARM
		{FC89AE75-F054-4434-B00E-A0C9642160B4}.Release|ARM.Build.0 = Release|ARM
		{FC89AE75-F054-4434-B00E-A0C9642160B4}.Release|x64.ActiveCfg = Release|x64
		{FC89AE75-F054-4434-B00E-A0C9642160B4}.Release|x64.Build.0 = Release|x64
		{FC89AE75-F054-4434-B00E-A0C9642160B4}.Release|x86.ActiveCfg = Release|x86
		{FC89AE75-F054-4434-B00E-A0C9642160B4}.Release|x86.Build.0 = Release|x86
		{B9AFEEE5-701C-4D17-B301-E961C279A19D}.Debug|ARM.ActiveCfg = Debug|ARM
		{B9AFEEE5-701C-4D17-B301-E961C279A19D}.Debug|ARM.Build.0 = Debug|ARM
		{B9AFEEE5-701C-4D17-B301-E961C279A19D}.Debug|ARM.Deploy.0 = Debug|ARM
		{B9AFEEE5-701C-4D17-B301-E961C279A19D}.Debug|x64.ActiveCfg = Debug|x64
		{B9AFEEE5-701C-4D17-B301-E961C279A19D}.Debug|x64.Build.0 = Debug|x64
		{B9AFEEE5-701C-4D17-B301-E961C279A19D}.Debug|x64.Deploy.0 = Debug|x64
		{B9AFEEE5-701C-4D17-B301-E961C279A19D}.Debug|x86.ActiveCfg = Debug|x86
		{B9AFEEE5-701C-4D17-B301-E961C279A19D}.Debug|x86.Build.0 = Debug|x86
		{B9AFEEE5-701C-4D17-B301-E961C279A19D}.Debug|x86.Deploy.0 = Debug|x86
		{B9AFEEE5-701C-4D17-B301-E961C279A19D}.Release|ARM.ActiveCfg = Release|ARM
		{B9AFEEE5-701C-4D17-B301-E961C279A19D}.Release|ARM.Build.0 = Release|ARM
		{B9AFEEE5-701C-4D17-B301-E961C279A19D}.Release|ARM.Deploy.0 = Release|ARM
		{B9AFEEE5-701C-4D17-B301-E961C279A19D}.Release|x64.ActiveCfg = Release|x64
		{B9AFEEE5-701C-4D17-B301-E961C279A19D}.Release|x64.Build.0 = Release|x64
		{B9AFEEE5-701C-4D17-B301-E961C279A19D}.Release|x64.Deploy.0 = Release|x64
		{B9AFEEE5-701C-4D17-B301-E961C279A19D}.Release|x86.ActiveCfg = Release|x86
		{B9AFEEE5-701C-4D17-B301-E961C279A19D}.Release|x86.Build.0 = Release|x86
		{B9AFEEE5-701C-4D17-B301-E961C279A19D}.Release|x86.Deploy.0 = Release|x86
		{BCE0897D-2ACF-40EC-8B89-CEB91F0A87A6}.Debug|ARM.ActiveCfg = Debug|ARM
		{BCE0897D-2ACF-40EC-8B89-CEB91F0A87A6}.Debug|ARM.Build.0 = Debug|ARM
		{BCE0897D-2ACF-40EC-8B89-CEB91F0A87A6}.Debug|ARM.Deploy.0 = Debug|ARM
		{BCE0897D-2ACF-40EC-8B89-CEB91F0A87A6}.Debug|x64.ActiveCfg = Debug|x64
		{BCE0897D-2ACF-40EC-8B89-CEB91F0A87A6}.Debug|x64.Build.0 = Debug|x64
		{BCE0897D-2ACF-40EC-8B89-CEB91F0A87A6}.Debug|x64.Deploy.0 = Debug|x64
		{BCE0897D-2ACF-40EC-8B89-CEB91F0A87A6}.Debug|x86.ActiveCfg = Debug|x86
		{BCE0897D-2ACF-40EC-8B89-CEB91F0A87A6}.Debug|x86.Build.0 = Debug|x86
		{BCE0897D-2ACF-40EC-8B89-CEB91F0A87A6}.Debug|x86.Deploy.0 = Debug|x86
		{BCE0897D-2ACF-40EC-8B89-CEB91F0A87A6}.Release|ARM.ActiveCfg = Release|ARM
		{BCE0897D-2ACF-40EC-8B89-CEB91F0A87A6}.Release|ARM.Build.0 = Release|ARM
		{BCE0897D-2ACF-40EC-8B89-CEB91F0A87A6}.Release|ARM.Deploy.0 = Release|ARM
		{BCE0897D-2ACF-40EC-8B89-CEB91F0A87A6}.Release|x64.ActiveCfg = Release|x64
		{BCE0897D-2ACF-40EC-8B89-CEB91F0A87A6}.Release|x64.Build.0 = Release|x64
		{BCE0897D-2ACF-40EC-8B89-CEB91F0A87A6}.Release|x64.Deploy.0 = Release|x64
		{BCE0897D-2ACF-40EC-8B89-CEB91F0A87A6}.Release|x86.ActiveCfg = Release|x86
		{BCE0897D-2ACF-40EC-8B89-CEB91F0A87A6}.Release|x86.Build.0 = Release|x86
		{BCE0897D-2ACF-40EC-8B89-CEB91F0A87A6}.Release|x86.Deploy.0 = Release|x86
		{F65085CF-DE77-4A33-8C65-B546B57E2FAB}.Debug|ARM.ActiveCfg = Debug|ARM
		{F65085CF-DE77-4A33-8C65-B546B57E2FAB}.Debug|ARM.Build.0 = Debug|ARM
		{F65085CF-DE77-4A33-8C65-B546B57E2FAB}.Debug|ARM.Deploy.0 = Debug|ARM
		{F65085CF-DE77-4A33-8C65-B546B57E2FAB}.Debug|x64.ActiveCfg = Debug|x64
		{F65085CF-DE77-4A33-8C65-B546B57E2FAB}.Debug|x64.Build.0 = Debug|x64
		{F65085CF-DE77-4A33-8C65-B546B57E2FAB}.Debug|x64.Deploy.0 = Debug|x64
		{F65085CF-DE77-4A33-8C65-B546B57E2FAB}.Debug|x86.ActiveCfg = Debug|x86
		{F65085CF-DE77-4A33-8C65-B546B57E2FAB}.Debug|x86.Build.0 = Debug|x86
		{F65085CF-DE77-4A33-8C65-B546B57E2FAB}.Debug|x86.Deploy.0 = Debug|x86
		{F65085CF-DE77-4A33-8C65-B546B57E2FAB}.Release|ARM.ActiveCfg = Release|ARM
		{F65085CF-DE77-4A33-8C65-B546B57E2FAB}.Release|ARM.Build.0 = Release|ARM
		{F65085CF-DE77-4A33-8C65-B546B57E2FAB}.Release|ARM.Deploy.0 = Release|ARM
		{F65085CF-DE77-4A33-8C65-B546B57E2FAB}.Release|x64.ActiveCfg = Release|x64
		{F65085CF-DE77-4A33-8C65-B546B57E2FAB}.Release|x64.Build.0 = Release|x64
		{F65085CF-DE77-4A33-8C65-B546B57E2FAB}.Release|x64.Deploy.0 = Release|x64
		{F65085CF-DE77-4A33-8C65-B546B57E2FAB}.Release|x86.ActiveCfg = Release|x86
		{F65085CF-DE77-4A33-8C65-B546B57E2FAB}.Release|x86.Build.0 = Release|x86
		{F65085CF-DE77-4A33-8C65-B546B57E2FAB}.Release|x86.Deploy.0 = Release|x86
		{C29573D0-3A75-4428-8987-91436BD7D4AD}.Debug|ARM.ActiveCfg = Debug|ARM
		{C29573D0-3A75-4428-8987-91436BD7D4AD}.Debug|ARM.Build.0 = Debug|ARM
		{C29573D0-3A75-4428-8987-91436BD7D4AD}.Debug|ARM.Deploy.0 = Debug|ARM
		{C29573D0-3A75-4428-8987-91436BD7D4AD}.Debug|x64.ActiveCfg = Debug|x64
		{C29573D0-3A75-4428-8987-91436BD7D4AD}.Debug|x64.Build.0 = Debug|x64
		{C29573D0-3A75-4428-8987-91436BD7D4AD}.Debug|x64.Deploy.0 = Debug|x64
		{C29573D0-3A75-4428-8987-91436BD7D4AD}.Debug|x86.ActiveCfg = Debug|x86
		{C29573D0-3A75-4428-8987-91436BD7D4AD}.Debug|x86.Build.0 = Debug|x86
		{C29573D0-3A75-4428-8987-91436BD7D4AD}.Debug|x86.Deploy.0 = Debug|x86
		{C29573D0-3A75-4428-8987-91436BD7D4AD}.Release|ARM.ActiveCfg = Release|ARM
		{C29573D0-3A75-4428-8987-91436BD7D4AD}.Release|ARM.Build.0 = Release|ARM
		{C29573D0-3A75-4428-8987-91436BD7D4AD}.Release|ARM.Deploy.0 = Release|ARM
		{C29573D0-3A75-4428-8987-91436BD7D4AD}.Release|x64.ActiveCfg = Release|x64
		{C29573D0-3A75-4428-8987-91436BD7D4AD}.Release|x64.Build.0 = Release|x64
		{C29573D0-3A75-4428-8987-91436BD7D4AD}.Release|x64.Deploy.0 = Release|x64
		{C29573D0-3A75-4428-8987-91436BD7D4AD}.Release|x86.ActiveCfg = Release|x86
		{C29573D0-3A75-4428-8987-91436BD7D4AD}.Release|x86.Build.0 = Release|x86
		{C29573D0-3A75-4428-8987-91436BD7D4AD}.Release|x86.Deploy.0 = Release|x86
		{F89AF804-259E-4AEB-9F0D-C6D7ACEA7529}.Debug|ARM.ActiveCfg = Debug|ARM
		{F89AF804-259E-4AEB-9F0D-C6D7ACEA7529}.Debug|ARM.Build.0 = Debug|ARM
		{F89AF804-259E-4AEB-9F0D-C6D7ACEA7529}.Debug|ARM.Deploy.0 = Debug|ARM
		{F89AF804-259E-4AEB-9F0D-C6D7ACEA7529}.Debug|x64.ActiveCfg = Debug|x64
		{F89AF804-259E-4AEB-9F0D-C6D7ACEA7529}.Debug|x64.Build.0 = Debug|x64
		{F89AF804-259E-4AEB-9F0D-C6D7ACEA7529}.Debug|x64.Deploy.0 = Debug|x64
		{F89AF804-259E-4AEB-9F0D-C6D7ACEA7529}.Debug|x86.ActiveCfg = Debug|x86
		{F89AF804-259E-4AEB-9F0D-C6D7ACEA7529}.Debug|x86.Build.0 = Debug|x86
		{F89AF804-259E-4AEB-9F0D-C6D7ACEA7529}.Debug|x86.Deploy.0 = Debug|x86
		{F89AF804-259E-4AEB-9F0D-C6D7ACEA7529}.Release|ARM.ActiveCfg = Release|ARM
		{F89AF804-259E-4AEB-9F0D-C6D7ACEA7529}.Release|ARM.Build.0 = Release|ARM
		{F89AF804-259E-4AEB-9F0D-C6D7ACEA7529}.Release|ARM.Deploy.0 = Release|ARM
		{F89AF804-259E-4AEB-9F0D-C6D7ACEA7529}.Release|x64.ActiveCfg = Release|x64
		{F89AF804-259E-4AEB-9F0D-C6D7ACEA7529}.Release|x64.Build.0 = Release|x64
		{F89AF804-259E-4AEB-9F0D-C6D7ACEA7529}.Release|x64.Deploy.0 = Release|x64
		{F89AF804-259E-4AEB-9F0D-C6D7ACEA7529}.Release|x86.ActiveCfg = Release|x86
		{F89AF804-259E-4AEB-9F0D-C6D7ACEA7529}.Release|x86.Build.0 = Release|x86
		{F89AF804-259E-4AEB-9F0D-C6D7ACEA7529}.Release|x86.Deploy.0 = Release|x86
		{9AD53AB8-378A-43AF-ABE7-0EB8E8998B1E}.Debug|ARM.ActiveCfg = Debug|ARM
		{9AD53AB8-378A-43AF-ABE7-0EB8E8998B1E}.Debug|ARM.Build.0 = Debug|ARM
		{9AD53AB8-378A-43AF-ABE7-0EB8E8998B1E}.Debug|ARM.Deploy.0 = Debug|ARM
		{9AD53AB8-378A-43AF-ABE7-0EB8E8998B1E}.Debug|x64.ActiveCfg = Debug|x64
		{9AD53AB8-378A-43AF-ABE7-0EB8E8998B1E}.Debug|x64.Build.0 = Debug|x64
		{9AD53AB8-378A-43AF-ABE7-0EB8E8998B1E}.Debug|x64.Deploy.0 = Debug|x64
		{9AD53AB8-378A-43AF-ABE7-0EB8E8998B1E}.Debug|x86.ActiveCfg = Debug|x86
		{9AD53AB8-378A-43AF-ABE7-0EB8E8998B1E}.Debug|x86.Build.0 = Debug|x86
		{9AD53AB8-378A-43AF-ABE7-0EB8E8998B1E}.Debug|x86.Deploy.0 = Debug|x86
		{9AD53AB8-378A-43AF-ABE7-0EB8E8998B1E}.Release|ARM.ActiveCfg = Release|ARM
		{9AD53AB8-378A-43AF-ABE7-0EB8E8998B1E}.Release|ARM.Build.0 = Release|ARM
		{9AD53AB8-378A-43AF-ABE7-0EB8E8998B1E}.Release|ARM.Deploy.0 = Release|ARM
		{9AD53AB8-378A-43AF-ABE7-0EB8E8998B1E}.Release|x64.ActiveCfg = Release|x64
		{9AD53AB8-378A-43AF-ABE7-0EB8E8998B1E}.Release|x64.Build.0 = Release|x64
		{9AD53AB8-378A-43AF-ABE7-0EB8E8998B1E}.Release|x64.Deploy.0 = Release|x64
		{9AD53AB8-378A-43AF-ABE7-0EB8E8998B1E}.Release|x86.ActiveCfg = Release|x86
		{9AD53AB8-378A-43AF-ABE7-0EB8E8998B1E}.Release|x86.Build.0 = Release|x86
		{9AD53AB8-378A-43AF-ABE7-0EB8E8998B1E}.Release|x86.Deploy.0 = Release|x86
		{61E2EC48-3271-4024-9BAD-691CADF541AF}.Debug|ARM.ActiveCfg = Debug|ARM
		{61E2EC48-3271-4024-9BAD-691CADF541AF}.Debug|ARM.Build.0 = Debug|ARM
		{61E2EC48-3271-4024-9BAD-691CADF541AF}.Debug|ARM.Deploy.0 = Debug|ARM
		{61E2EC48-3271-4024-9BAD-691CADF541AF}.Debug|x64.ActiveCfg = Debug|x64
		{61E2EC48-3271-4024-9BAD-691CADF541AF}.Debug|x64.Build.0 = Debug|x64
		{61E2EC48-3271-4024-9BAD-691CADF541AF}.Debug|x64.Deploy.0 = Debug|x64
		{61E2EC48-3271-4024-9BAD-691CADF541AF}.Debug|x86.ActiveCfg = Debug|Win32
		{61E2EC48-3271-4024-9BAD-691CADF541AF}.Debug|x86.Build.0 = Debug|Win32
		{61E2EC48-3271-4024-9BAD-691CADF541AF}.Debug|x86.Deploy.0 = Debug|Win32
		{61E2EC48-3271-4024-9BAD-691CADF541AF}.Release|ARM.ActiveCfg = Release|ARM
		{61E2EC48-3271-4024-9BAD-691CADF541AF}.Release|ARM.Build.0 = Release|ARM
		{61E2EC48-3271-4024-9BAD-691CADF541AF}.Release|ARM.Deploy.0 = Release|ARM
		{61E2EC48-3271-4024-9BAD-691CADF541AF}.Release|x64.ActiveCfg = Release|x64
		{61E2EC48-3271-4024-9BAD-691CADF541AF}.Release|x64.Build.0 = Release|x64
		{61E2EC48-3271-4024-9BAD-691CADF541AF}.Release|x64.Deploy.0 = Release|x64
		{61E2EC48-3271-4024-9BAD-691CADF541AF}.Release|x86.ActiveCfg = Release|Win32
		{61E2EC48-3271-4024-9BAD-691CADF541AF}.Release|x86.Build.0 = Release|Win32
		{61E2EC48-3271-4024-9BAD-691CADF541AF}.Release|x86.Deploy.0 = Release|Win32
	EndGlobalSection
	GlobalSection(SolutionProperties) = preSolution
		HideSolutionNode = FALSE
	EndGlobalSection
EndGlobal
