
Microsoft Visual Studio Solution File, Format Version 12.00
# Visual Studio 14
VisualStudioVersion = 14.0.24720.0
MinimumVisualStudioVersion = 10.0.40219.1
Project("{FAE04EC0-301F-11D3-BF4B-00C04F79EFBC}") = "SampleConsumer", "SampleConsumer\SampleConsumer.csproj", "{31CD19DD-32A9-4EC3-9EF8-2F5E5EB5ED48}"
EndProject
Project("{FAE04EC0-301F-11D3-BF4B-00C04F79EFBC}") = "SimulatedProvider", "SimulatedProvider\SimulatedProvider.csproj", "{7ED1770E-0A40-45F7-A2EB-4B3CEAC358B9}"
EndProject
Global
	GlobalSection(SolutionConfigurationPlatforms) = preSolution
		Debug|Any CPU = Debug|Any CPU
		Debug|ARM = Debug|ARM
		Debug|x64 = Debug|x64
		Debug|x86 = Debug|x86
		Release|Any CPU = Release|Any CPU
		Release|ARM = Release|ARM
		Release|x64 = Release|x64
		Release|x86 = Release|x86
	EndGlobalSection
	GlobalSection(ProjectConfigurationPlatforms) = postSolution
		{31CD19DD-32A9-4EC3-9EF8-2F5E5EB5ED48}.Debug|Any CPU.ActiveCfg = Debug|x86
		{31CD19DD-32A9-4EC3-9EF8-2F5E5EB5ED48}.Debug|ARM.ActiveCfg = Debug|ARM
		{31CD19DD-32A9-4EC3-9EF8-2F5E5EB5ED48}.Debug|ARM.Build.0 = Debug|ARM
		{31CD19DD-32A9-4EC3-9EF8-2F5E5EB5ED48}.Debug|ARM.Deploy.0 = Debug|ARM
		{31CD19DD-32A9-4EC3-9EF8-2F5E5EB5ED48}.Debug|x64.ActiveCfg = Debug|x64
		{31CD19DD-32A9-4EC3-9EF8-2F5E5EB5ED48}.Debug|x64.Build.0 = Debug|x64
		{31CD19DD-32A9-4EC3-9EF8-2F5E5EB5ED48}.Debug|x64.Deploy.0 = Debug|x64
		{31CD19DD-32A9-4EC3-9EF8-2F5E5EB5ED48}.Debug|x86.ActiveCfg = Debug|x86
		{31CD19DD-32A9-4EC3-9EF8-2F5E5EB5ED48}.Debug|x86.Build.0 = Debug|x86
		{31CD19DD-32A9-4EC3-9EF8-2F5E5EB5ED48}.Debug|x86.Deploy.0 = Debug|x86
		{31CD19DD-32A9-4EC3-9EF8-2F5E5EB5ED48}.Release|Any CPU.ActiveCfg = Release|x86
		{31CD19DD-32A9-4EC3-9EF8-2F5E5EB5ED48}.Release|ARM.ActiveCfg = Release|ARM
		{31CD19DD-32A9-4EC3-9EF8-2F5E5EB5ED48}.Release|ARM.Build.0 = Release|ARM
		{31CD19DD-32A9-4EC3-9EF8-2F5E5EB5ED48}.Release|ARM.Deploy.0 = Release|ARM
		{31CD19DD-32A9-4EC3-9EF8-2F5E5EB5ED48}.Release|x64.ActiveCfg = Release|x64
		{31CD19DD-32A9-4EC3-9EF8-2F5E5EB5ED48}.Release|x64.Build.0 = Release|x64
		{31CD19DD-32A9-4EC3-9EF8-2F5E5EB5ED48}.Release|x64.Deploy.0 = Release|x64
		{31CD19DD-32A9-4EC3-9EF8-2F5E5EB5ED48}.Release|x86.ActiveCfg = Release|x86
		{31CD19DD-32A9-4EC3-9EF8-2F5E5EB5ED48}.Release|x86.Build.0 = Release|x86
		{31CD19DD-32A9-4EC3-9EF8-2F5E5EB5ED48}.Release|x86.Deploy.0 = Release|x86
		{7ED1770E-0A40-45F7-A2EB-4B3CEAC358B9}.Debug|Any CPU.ActiveCfg = Debug|Any CPU
		{7ED1770E-0A40-45F7-A2EB-4B3CEAC358B9}.Debug|Any CPU.Build.0 = Debug|Any CPU
		{7ED1770E-0A40-45F7-A2EB-4B3CEAC358B9}.Debug|ARM.ActiveCfg = Debug|ARM
		{7ED1770E-0A40-45F7-A2EB-4B3CEAC358B9}.Debug|ARM.Build.0 = Debug|ARM
		{7ED1770E-0A40-45F7-A2EB-4B3CEAC358B9}.Debug|x64.ActiveCfg = Debug|x64
		{7ED1770E-0A40-45F7-A2EB-4B3CEAC358B9}.Debug|x64.Build.0 = Debug|x64
		{7ED1770E-0A40-45F7-A2EB-4B3CEAC358B9}.Debug|x86.ActiveCfg = Debug|x86
		{7ED1770E-0A40-45F7-A2EB-4B3CEAC358B9}.Debug|x86.Build.0 = Debug|x86
		{7ED1770E-0A40-45F7-A2EB-4B3CEAC358B9}.Release|Any CPU.ActiveCfg = Release|Any CPU
		{7ED1770E-0A40-45F7-A2EB-4B3CEAC358B9}.Release|Any CPU.Build.0 = Release|Any CPU
		{7ED1770E-0A40-45F7-A2EB-4B3CEAC358B9}.Release|ARM.ActiveCfg = Release|ARM
		{7ED1770E-0A40-45F7-A2EB-4B3CEAC358B9}.Release|ARM.Build.0 = Release|ARM
		{7ED1770E-0A40-45F7-A2EB-4B3CEAC358B9}.Release|x64.ActiveCfg = Release|x64
		{7ED1770E-0A40-45F7-A2EB-4B3CEAC358B9}.Release|x64.Build.0 = Release|x64
		{7ED1770E-0A40-45F7-A2EB-4B3CEAC358B9}.Release|x86.ActiveCfg = Release|x86
		{7ED1770E-0A40-45F7-A2EB-4B3CEAC358B9}.Release|x86.Build.0 = Release|x86
	EndGlobalSection
	GlobalSection(SolutionProperties) = preSolution
		HideSolutionNode = FALSE
	EndGlobalSection
EndGlobal
