<?xml version="1.0" encoding="utf-8"?>
<Project ToolsVersion="14.0" xmlns="http://schemas.microsoft.com/developer/msbuild/2003">
  <ItemGroup>
    <Filter Include="Dependencies">
      <UniqueIdentifier>{8e086a04-3e6f-4b05-8632-aa6778921990}</UniqueIdentifier>
    </Filter>
  </ItemGroup>
  <ItemGroup>
    <ClCompile Include="pch.cpp" />
    <ClCompile Include="I2cDeviceProvider.cpp" />
    <ClCompile Include="GpioDeviceProvider.cpp" />
    <ClCompile Include="Provider.cpp" />
    <ClCompile Include="SpiDeviceProvider.cpp" />
    <ClCompile Include="Dummy.cpp">
      <Filter>Dependencies</Filter>
    </ClCompile>
  </ItemGroup>
  <ItemGroup>
    <ClInclude Include="pch.h" />
    <ClInclude Include="I2cDeviceProvider.h" />
    <ClInclude Include="GpioDeviceProvider.h" />
    <ClInclude Include="Provider.h" />
    <ClInclude Include="SpiDeviceProvider.h" />
    <ClInclude Include="Dummy.h">
      <Filter>Dependencies</Filter>
    </ClInclude>
  </ItemGroup>
  <ItemGroup>
    <None Include="packages.config">
      <Filter>Dependencies</Filter>
    </None>
  </ItemGroup>
</Project>